
Microsoft Visual Studio Solution File, Format Version 12.00
# Visual Studio Version 16
VisualStudioVersion = 16.0.30128.74
MinimumVisualStudioVersion = 10.0.40219.1
Project("{FAE04EC0-301F-11D3-BF4B-00C04F79EFBC}") = "TextInputLayout_BorderColor.UWP", "TextInputLayout_BorderColor\TextInputLayout_BorderColor.UWP\TextInputLayout_BorderColor.UWP.csproj", "{C8D4D10E-8467-4ADE-95C9-A486C941FED4}"
EndProject
Project("{FAE04EC0-301F-11D3-BF4B-00C04F79EFBC}") = "TextInputLayout_BorderColor.Android", "TextInputLayout_BorderColor\TextInputLayout_BorderColor.Android\TextInputLayout_BorderColor.Android.csproj", "{A4836E62-5D15-446F-93BC-4FA5DE40B337}"
EndProject
Project("{FAE04EC0-301F-11D3-BF4B-00C04F79EFBC}") = "TextInputLayout_BorderColor.iOS", "TextInputLayout_BorderColor\TextInputLayout_BorderColor.iOS\TextInputLayout_BorderColor.iOS.csproj", "{41E2EF08-C46B-4A95-815F-F60306873FC3}"
EndProject
Project("{FAE04EC0-301F-11D3-BF4B-00C04F79EFBC}") = "TextInputLayout_BorderColor", "TextInputLayout_BorderColor\TextInputLayout_BorderColor\TextInputLayout_BorderColor.csproj", "{F759A688-155E-4D9A-8285-3FEEAEEEB257}"
EndProject
Global
	GlobalSection(SolutionConfigurationPlatforms) = preSolution
		Debug|Any CPU = Debug|Any CPU
		Debug|ARM = Debug|ARM
		Debug|iPhone = Debug|iPhone
		Debug|iPhoneSimulator = Debug|iPhoneSimulator
		Debug|x64 = Debug|x64
		Debug|x86 = Debug|x86
		Release|Any CPU = Release|Any CPU
		Release|ARM = Release|ARM
		Release|iPhone = Release|iPhone
		Release|iPhoneSimulator = Release|iPhoneSimulator
		Release|x64 = Release|x64
		Release|x86 = Release|x86
	EndGlobalSection
	GlobalSection(ProjectConfigurationPlatforms) = postSolution
		{C8D4D10E-8467-4ADE-95C9-A486C941FED4}.Debug|Any CPU.ActiveCfg = Debug|x86
		{C8D4D10E-8467-4ADE-95C9-A486C941FED4}.Debug|Any CPU.Build.0 = Debug|x86
		{C8D4D10E-8467-4ADE-95C9-A486C941FED4}.Debug|Any CPU.Deploy.0 = Debug|x86
		{C8D4D10E-8467-4ADE-95C9-A486C941FED4}.Debug|ARM.ActiveCfg = Debug|ARM
		{C8D4D10E-8467-4ADE-95C9-A486C941FED4}.Debug|ARM.Build.0 = Debug|ARM
		{C8D4D10E-8467-4ADE-95C9-A486C941FED4}.Debug|ARM.Deploy.0 = Debug|ARM
		{C8D4D10E-8467-4ADE-95C9-A486C941FED4}.Debug|iPhone.ActiveCfg = Debug|x86
		{C8D4D10E-8467-4ADE-95C9-A486C941FED4}.Debug|iPhone.Build.0 = Debug|x86
		{C8D4D10E-8467-4ADE-95C9-A486C941FED4}.Debug|iPhone.Deploy.0 = Debug|x86
		{C8D4D10E-8467-4ADE-95C9-A486C941FED4}.Debug|iPhoneSimulator.ActiveCfg = Debug|x86
		{C8D4D10E-8467-4ADE-95C9-A486C941FED4}.Debug|iPhoneSimulator.Build.0 = Debug|x86
		{C8D4D10E-8467-4ADE-95C9-A486C941FED4}.Debug|iPhoneSimulator.Deploy.0 = Debug|x86
		{C8D4D10E-8467-4ADE-95C9-A486C941FED4}.Debug|x64.ActiveCfg = Debug|x64
		{C8D4D10E-8467-4ADE-95C9-A486C941FED4}.Debug|x64.Build.0 = Debug|x64
		{C8D4D10E-8467-4ADE-95C9-A486C941FED4}.Debug|x64.Deploy.0 = Debug|x64
		{C8D4D10E-8467-4ADE-95C9-A486C941FED4}.Debug|x86.ActiveCfg = Debug|x86
		{C8D4D10E-8467-4ADE-95C9-A486C941FED4}.Debug|x86.Build.0 = Debug|x86
		{C8D4D10E-8467-4ADE-95C9-A486C941FED4}.Debug|x86.Deploy.0 = Debug|x86
		{C8D4D10E-8467-4ADE-95C9-A486C941FED4}.Release|Any CPU.ActiveCfg = Release|x86
		{C8D4D10E-8467-4ADE-95C9-A486C941FED4}.Release|Any CPU.Build.0 = Release|x86
		{C8D4D10E-8467-4ADE-95C9-A486C941FED4}.Release|Any CPU.Deploy.0 = Release|x86
		{C8D4D10E-8467-4ADE-95C9-A486C941FED4}.Release|ARM.ActiveCfg = Release|ARM
		{C8D4D10E-8467-4ADE-95C9-A486C941FED4}.Release|ARM.Build.0 = Release|ARM
		{C8D4D10E-8467-4ADE-95C9-A486C941FED4}.Release|ARM.Deploy.0 = Release|ARM
		{C8D4D10E-8467-4ADE-95C9-A486C941FED4}.Release|iPhone.ActiveCfg = Release|x86
		{C8D4D10E-8467-4ADE-95C9-A486C941FED4}.Release|iPhone.Build.0 = Release|x86
		{C8D4D10E-8467-4ADE-95C9-A486C941FED4}.Release|iPhone.Deploy.0 = Release|x86
		{C8D4D10E-8467-4ADE-95C9-A486C941FED4}.Release|iPhoneSimulator.ActiveCfg = Release|x86
		{C8D4D10E-8467-4ADE-95C9-A486C941FED4}.Release|iPhoneSimulator.Build.0 = Release|x86
		{C8D4D10E-8467-4ADE-95C9-A486C941FED4}.Release|iPhoneSimulator.Deploy.0 = Release|x86
		{C8D4D10E-8467-4ADE-95C9-A486C941FED4}.Release|x64.ActiveCfg = Release|x64
		{C8D4D10E-8467-4ADE-95C9-A486C941FED4}.Release|x64.Build.0 = Release|x64
		{C8D4D10E-8467-4ADE-95C9-A486C941FED4}.Release|x64.Deploy.0 = Release|x64
		{C8D4D10E-8467-4ADE-95C9-A486C941FED4}.Release|x86.ActiveCfg = Release|x86
		{C8D4D10E-8467-4ADE-95C9-A486C941FED4}.Release|x86.Build.0 = Release|x86
		{C8D4D10E-8467-4ADE-95C9-A486C941FED4}.Release|x86.Deploy.0 = Release|x86
		{A4836E62-5D15-446F-93BC-4FA5DE40B337}.Debug|Any CPU.ActiveCfg = Debug|Any CPU
		{A4836E62-5D15-446F-93BC-4FA5DE40B337}.Debug|Any CPU.Build.0 = Debug|Any CPU
		{A4836E62-5D15-446F-93BC-4FA5DE40B337}.Debug|Any CPU.Deploy.0 = Debug|Any CPU
		{A4836E62-5D15-446F-93BC-4FA5DE40B337}.Debug|ARM.ActiveCfg = Debug|Any CPU
		{A4836E62-5D15-446F-93BC-4FA5DE40B337}.Debug|ARM.Build.0 = Debug|Any CPU
		{A4836E62-5D15-446F-93BC-4FA5DE40B337}.Debug|ARM.Deploy.0 = Debug|Any CPU
		{A4836E62-5D15-446F-93BC-4FA5DE40B337}.Debug|iPhone.ActiveCfg = Debug|Any CPU
		{A4836E62-5D15-446F-93BC-4FA5DE40B337}.Debug|iPhone.Build.0 = Debug|Any CPU
		{A4836E62-5D15-446F-93BC-4FA5DE40B337}.Debug|iPhone.Deploy.0 = Debug|Any CPU
		{A4836E62-5D15-446F-93BC-4FA5DE40B337}.Debug|iPhoneSimulator.ActiveCfg = Debug|Any CPU
		{A4836E62-5D15-446F-93BC-4FA5DE40B337}.Debug|iPhoneSimulator.Build.0 = Debug|Any CPU
		{A4836E62-5D15-446F-93BC-4FA5DE40B337}.Debug|iPhoneSimulator.Deploy.0 = Debug|Any CPU
		{A4836E62-5D15-446F-93BC-4FA5DE40B337}.Debug|x64.ActiveCfg = Debug|Any CPU
		{A4836E62-5D15-446F-93BC-4FA5DE40B337}.Debug|x64.Build.0 = Debug|Any CPU
		{A4836E62-5D15-446F-93BC-4FA5DE40B337}.Debug|x64.Deploy.0 = Debug|Any CPU
		{A4836E62-5D15-446F-93BC-4FA5DE40B337}.Debug|x86.ActiveCfg = Debug|Any CPU
		{A4836E62-5D15-446F-93BC-4FA5DE40B337}.Debug|x86.Build.0 = Debug|Any CPU
		{A4836E62-5D15-446F-93BC-4FA5DE40B337}.Debug|x86.Deploy.0 = Debug|Any CPU
		{A4836E62-5D15-446F-93BC-4FA5DE40B337}.Release|Any CPU.ActiveCfg = Release|Any CPU
		{A4836E62-5D15-446F-93BC-4FA5DE40B337}.Release|Any CPU.Build.0 = Release|Any CPU
		{A4836E62-5D15-446F-93BC-4FA5DE40B337}.Release|Any CPU.Deploy.0 = Release|Any CPU
		{A4836E62-5D15-446F-93BC-4FA5DE40B337}.Release|ARM.ActiveCfg = Release|Any CPU
		{A4836E62-5D15-446F-93BC-4FA5DE40B337}.Release|ARM.Build.0 = Release|Any CPU
		{A4836E62-5D15-446F-93BC-4FA5DE40B337}.Release|ARM.Deploy.0 = Release|Any CPU
		{A4836E62-5D15-446F-93BC-4FA5DE40B337}.Release|iPhone.ActiveCfg = Release|Any CPU
		{A4836E62-5D15-446F-93BC-4FA5DE40B337}.Release|iPhone.Build.0 = Release|Any CPU
		{A4836E62-5D15-446F-93BC-4FA5DE40B337}.Release|iPhone.Deploy.0 = Release|Any CPU
		{A4836E62-5D15-446F-93BC-4FA5DE40B337}.Release|iPhoneSimulator.ActiveCfg = Release|Any CPU
		{A4836E62-5D15-446F-93BC-4FA5DE40B337}.Release|iPhoneSimulator.Build.0 = Release|Any CPU
		{A4836E62-5D15-446F-93BC-4FA5DE40B337}.Release|iPhoneSimulator.Deploy.0 = Release|Any CPU
		{A4836E62-5D15-446F-93BC-4FA5DE40B337}.Release|x64.ActiveCfg = Release|Any CPU
		{A4836E62-5D15-446F-93BC-4FA5DE40B337}.Release|x64.Build.0 = Release|Any CPU
		{A4836E62-5D15-446F-93BC-4FA5DE40B337}.Release|x64.Deploy.0 = Release|Any CPU
		{A4836E62-5D15-446F-93BC-4FA5DE40B337}.Release|x86.ActiveCfg = Release|Any CPU
		{A4836E62-5D15-446F-93BC-4FA5DE40B337}.Release|x86.Build.0 = Release|Any CPU
		{A4836E62-5D15-446F-93BC-4FA5DE40B337}.Release|x86.Deploy.0 = Release|Any CPU
		{41E2EF08-C46B-4A95-815F-F60306873FC3}.Debug|Any CPU.ActiveCfg = Debug|iPhone
		{41E2EF08-C46B-4A95-815F-F60306873FC3}.Debug|Any CPU.Build.0 = Debug|iPhone
		{41E2EF08-C46B-4A95-815F-F60306873FC3}.Debug|Any CPU.Deploy.0 = Debug|iPhone
		{41E2EF08-C46B-4A95-815F-F60306873FC3}.Debug|ARM.ActiveCfg = Debug|iPhone
		{41E2EF08-C46B-4A95-815F-F60306873FC3}.Debug|ARM.Build.0 = Debug|iPhone
		{41E2EF08-C46B-4A95-815F-F60306873FC3}.Debug|ARM.Deploy.0 = Debug|iPhone
		{41E2EF08-C46B-4A95-815F-F60306873FC3}.Debug|iPhone.ActiveCfg = Debug|iPhone
		{41E2EF08-C46B-4A95-815F-F60306873FC3}.Debug|iPhone.Build.0 = Debug|iPhone
		{41E2EF08-C46B-4A95-815F-F60306873FC3}.Debug|iPhone.Deploy.0 = Debug|iPhone
		{41E2EF08-C46B-4A95-815F-F60306873FC3}.Debug|iPhoneSimulator.ActiveCfg = Debug|iPhoneSimulator
		{41E2EF08-C46B-4A95-815F-F60306873FC3}.Debug|iPhoneSimulator.Build.0 = Debug|iPhoneSimulator
		{41E2EF08-C46B-4A95-815F-F60306873FC3}.Debug|iPhoneSimulator.Deploy.0 = Debug|iPhoneSimulator
		{41E2EF08-C46B-4A95-815F-F60306873FC3}.Debug|x64.ActiveCfg = Debug|iPhone
		{41E2EF08-C46B-4A95-815F-F60306873FC3}.Debug|x64.Build.0 = Debug|iPhone
		{41E2EF08-C46B-4A95-815F-F60306873FC3}.Debug|x64.Deploy.0 = Debug|iPhone
		{41E2EF08-C46B-4A95-815F-F60306873FC3}.Debug|x86.ActiveCfg = Debug|iPhone
		{41E2EF08-C46B-4A95-815F-F60306873FC3}.Debug|x86.Build.0 = Debug|iPhone
		{41E2EF08-C46B-4A95-815F-F60306873FC3}.Debug|x86.Deploy.0 = Debug|iPhone
		{41E2EF08-C46B-4A95-815F-F60306873FC3}.Release|Any CPU.ActiveCfg = Release|iPhone
		{41E2EF08-C46B-4A95-815F-F60306873FC3}.Release|Any CPU.Build.0 = Release|iPhone
		{41E2EF08-C46B-4A95-815F-F60306873FC3}.Release|Any CPU.Deploy.0 = Release|iPhone
		{41E2EF08-C46B-4A95-815F-F60306873FC3}.Release|ARM.ActiveCfg = Release|iPhone
		{41E2EF08-C46B-4A95-815F-F60306873FC3}.Release|ARM.Build.0 = Release|iPhone
		{41E2EF08-C46B-4A95-815F-F60306873FC3}.Release|ARM.Deploy.0 = Release|iPhone
		{41E2EF08-C46B-4A95-815F-F60306873FC3}.Release|iPhone.ActiveCfg = Release|iPhone
		{41E2EF08-C46B-4A95-815F-F60306873FC3}.Release|iPhone.Build.0 = Release|iPhone
		{41E2EF08-C46B-4A95-815F-F60306873FC3}.Release|iPhone.Deploy.0 = Release|iPhone
		{41E2EF08-C46B-4A95-815F-F60306873FC3}.Release|iPhoneSimulator.ActiveCfg = Release|iPhoneSimulator
		{41E2EF08-C46B-4A95-815F-F60306873FC3}.Release|iPhoneSimulator.Build.0 = Release|iPhoneSimulator
		{41E2EF08-C46B-4A95-815F-F60306873FC3}.Release|iPhoneSimulator.Deploy.0 = Release|iPhoneSimulator
		{41E2EF08-C46B-4A95-815F-F60306873FC3}.Release|x64.ActiveCfg = Release|iPhone
		{41E2EF08-C46B-4A95-815F-F60306873FC3}.Release|x64.Build.0 = Release|iPhone
		{41E2EF08-C46B-4A95-815F-F60306873FC3}.Release|x64.Deploy.0 = Release|iPhone
		{41E2EF08-C46B-4A95-815F-F60306873FC3}.Release|x86.ActiveCfg = Release|iPhone
		{41E2EF08-C46B-4A95-815F-F60306873FC3}.Release|x86.Build.0 = Release|iPhone
		{41E2EF08-C46B-4A95-815F-F60306873FC3}.Release|x86.Deploy.0 = Release|iPhone
		{F759A688-155E-4D9A-8285-3FEEAEEEB257}.Debug|Any CPU.ActiveCfg = Debug|Any CPU
		{F759A688-155E-4D9A-8285-3FEEAEEEB257}.Debug|Any CPU.Build.0 = Debug|Any CPU
		{F759A688-155E-4D9A-8285-3FEEAEEEB257}.Debug|Any CPU.Deploy.0 = Debug|Any CPU
		{F759A688-155E-4D9A-8285-3FEEAEEEB257}.Debug|ARM.ActiveCfg = Debug|Any CPU
		{F759A688-155E-4D9A-8285-3FEEAEEEB257}.Debug|ARM.Build.0 = Debug|Any CPU
		{F759A688-155E-4D9A-8285-3FEEAEEEB257}.Debug|ARM.Deploy.0 = Debug|Any CPU
		{F759A688-155E-4D9A-8285-3FEEAEEEB257}.Debug|iPhone.ActiveCfg = Debug|Any CPU
		{F759A688-155E-4D9A-8285-3FEEAEEEB257}.Debug|iPhone.Build.0 = Debug|Any CPU
		{F759A688-155E-4D9A-8285-3FEEAEEEB257}.Debug|iPhone.Deploy.0 = Debug|Any CPU
		{F759A688-155E-4D9A-8285-3FEEAEEEB257}.Debug|iPhoneSimulator.ActiveCfg = Debug|Any CPU
		{F759A688-155E-4D9A-8285-3FEEAEEEB257}.Debug|iPhoneSimulator.Build.0 = Debug|Any CPU
		{F759A688-155E-4D9A-8285-3FEEAEEEB257}.Debug|iPhoneSimulator.Deploy.0 = Debug|Any CPU
		{F759A688-155E-4D9A-8285-3FEEAEEEB257}.Debug|x64.ActiveCfg = Debug|Any CPU
		{F759A688-155E-4D9A-8285-3FEEAEEEB257}.Debug|x64.Build.0 = Debug|Any CPU
		{F759A688-155E-4D9A-8285-3FEEAEEEB257}.Debug|x64.Deploy.0 = Debug|Any CPU
		{F759A688-155E-4D9A-8285-3FEEAEEEB257}.Debug|x86.ActiveCfg = Debug|Any CPU
		{F759A688-155E-4D9A-8285-3FEEAEEEB257}.Debug|x86.Build.0 = Debug|Any CPU
		{F759A688-155E-4D9A-8285-3FEEAEEEB257}.Debug|x86.Deploy.0 = Debug|Any CPU
		{F759A688-155E-4D9A-8285-3FEEAEEEB257}.Release|Any CPU.ActiveCfg = Release|Any CPU
		{F759A688-155E-4D9A-8285-3FEEAEEEB257}.Release|Any CPU.Build.0 = Release|Any CPU
		{F759A688-155E-4D9A-8285-3FEEAEEEB257}.Release|Any CPU.Deploy.0 = Release|Any CPU
		{F759A688-155E-4D9A-8285-3FEEAEEEB257}.Release|ARM.ActiveCfg = Release|Any CPU
		{F759A688-155E-4D9A-8285-3FEEAEEEB257}.Release|ARM.Build.0 = Release|Any CPU
		{F759A688-155E-4D9A-8285-3FEEAEEEB257}.Release|ARM.Deploy.0 = Release|Any CPU
		{F759A688-155E-4D9A-8285-3FEEAEEEB257}.Release|iPhone.ActiveCfg = Release|Any CPU
		{F759A688-155E-4D9A-8285-3FEEAEEEB257}.Release|iPhone.Build.0 = Release|Any CPU
		{F759A688-155E-4D9A-8285-3FEEAEEEB257}.Release|iPhone.Deploy.0 = Release|Any CPU
		{F759A688-155E-4D9A-8285-3FEEAEEEB257}.Release|iPhoneSimulator.ActiveCfg = Release|Any CPU
		{F759A688-155E-4D9A-8285-3FEEAEEEB257}.Release|iPhoneSimulator.Build.0 = Release|Any CPU
		{F759A688-155E-4D9A-8285-3FEEAEEEB257}.Release|iPhoneSimulator.Deploy.0 = Release|Any CPU
		{F759A688-155E-4D9A-8285-3FEEAEEEB257}.Release|x64.ActiveCfg = Release|Any CPU
		{F759A688-155E-4D9A-8285-3FEEAEEEB257}.Release|x64.Build.0 = Release|Any CPU
		{F759A688-155E-4D9A-8285-3FEEAEEEB257}.Release|x64.Deploy.0 = Release|Any CPU
		{F759A688-155E-4D9A-8285-3FEEAEEEB257}.Release|x86.ActiveCfg = Release|Any CPU
		{F759A688-155E-4D9A-8285-3FEEAEEEB257}.Release|x86.Build.0 = Release|Any CPU
		{F759A688-155E-4D9A-8285-3FEEAEEEB257}.Release|x86.Deploy.0 = Release|Any CPU
	EndGlobalSection
	GlobalSection(SolutionProperties) = preSolution
		HideSolutionNode = FALSE
	EndGlobalSection
	GlobalSection(ExtensibilityGlobals) = postSolution
		SolutionGuid = {3E6B9ECD-B076-41B2-8228-B66F870FE6F8}
	EndGlobalSection
EndGlobal
